{
  "name": "lowbot-slack",
  "version": "0.1.0",
  "lockfileVersion": 1,
  "requires": true,
  "dependencies": {
    "slack": {
      "version": "11.0.1",
      "resolved": "https://registry.npmjs.org/slack/-/slack-11.0.1.tgz",
      "integrity": "sha512-IrNIVPZtnflzjo0Rpy947SL2ITAHfw1Mm1VVQAPwUk0Yyy+UW2PCwSJGFUbgagFrR66LviHuhOUqpR+ZMspaeQ==",
      "requires": {
        "tiny-json-http": "^7.0.0"
      }
    },
    "tiny-json-http": {
      "version": "7.0.2",
      "resolved": "https://registry.npmjs.org/tiny-json-http/-/tiny-json-http-7.0.2.tgz",
      "integrity": "sha512-5MsAvlq5tvgCY98Y7iQPmpP5ZqLzESrv/S5AwXWIvHL0Z0zVVAfWku7WC6V4rHJb+judXhd28KBnE5+FLOVYaQ=="
    }
  }
}
